
Microsoft Visual Studio Solution File, Format Version 12.00
# Visual Studio Version 17
VisualStudioVersion = 17.7.34009.444
MinimumVisualStudioVersion = 10.0.40219.1
Project("{8BC9CEB8-8B4A-11D0-8D11-00A0C91BC942}") = "Project3", "Project3\Project3.vcxproj", "{EE37C7EE-433E-4E19-A93A-8DD1658339D5}"
EndProject
Global
	GlobalSection(SolutionConfigurationPlatforms) = preSolution
		Debug|x64 = Debug|x64
		Debug|x86 = Debug|x86
		Release|x64 = Release|x64
		Release|x86 = Release|x86
	EndGlobalSection
	GlobalSection(ProjectConfigurationPlatforms) = postSolution
		{EE37C7EE-433E-4E19-A93A-8DD1658339D5}.Debug|x64.ActiveCfg = Debug|x64
		{EE37C7EE-433E-4E19-A93A-8DD1658339D5}.Debug|x64.Build.0 = Debug|x64
		{EE37C7EE-433E-4E19-A93A-8DD1658339D5}.Debug|x86.ActiveCfg = Debug|Win32
		{EE37C7EE-433E-4E19-A93A-8DD1658339D5}.Debug|x86.Build.0 = Debug|Win32
		{EE37C7EE-433E-4E19-A93A-8DD1658339D5}.Release|x64.ActiveCfg = Release|x64
		{EE37C7EE-433E-4E19-A93A-8DD1658339D5}.Release|x64.Build.0 = Release|x64
		{EE37C7EE-433E-4E19-A93A-8DD1658339D5}.Release|x86.ActiveCfg = Release|Win32
		{EE37C7EE-433E-4E19-A93A-8DD1658339D5}.Release|x86.Build.0 = Release|Win32
	EndGlobalSection
	GlobalSection(SolutionProperties) = preSolution
		HideSolutionNode = FALSE
	EndGlobalSection
	GlobalSection(ExtensibilityGlobals) = postSolution
		SolutionGuid = {305E5EDF-FFFE-42F3-BD8C-D64FE1D1A52B}
	EndGlobalSection
EndGlobal
